# DO NOT EDIT MANUALLY - Managed by Fern Replay
version: "1.0"
generations:
  - commit_sha: 18cf5f9f53aa7fd4a2968ad3f0eebcfbd3320682
    tree_hash: bd9ed0ef9c7caeba7bcc51f764ad7ca7a5c6c39e
    timestamp: 2026-07-26T22:50:09.249Z
    cli_version: unknown
    generator_versions: {}
current_generation: 18cf5f9f53aa7fd4a2968ad3f0eebcfbd3320682
patches: []
